
Microsoft Visual Studio Solution File, Format Version 12.00
# Visual Studio Version 16
VisualStudioVersion = 16.0.31515.178
MinimumVisualStudioVersion = 10.0.40219.1
Project("{FAE04EC0-301F-11D3-BF4B-00C04F79EFBC}") = "GenshinImpactFanpage", "GenshinImpactFanpage.csproj", "{E9A3394F-761C-4348-9174-6B27AF09B555}"
EndProject
Global
	GlobalSection(SolutionConfigurationPlatforms) = preSolution
		Debug|Any CPU = Debug|Any CPU
		Release|Any CPU = Release|Any CPU
	EndGlobalSection
	GlobalSection(ProjectConfigurationPlatforms) = postSolution
		{E9A3394F-761C-4348-9174-6B27AF09B555}.Debug|Any CPU.ActiveCfg = Debug|Any CPU
		{E9A3394F-761C-4348-9174-6B27AF09B555}.Debug|Any CPU.Build.0 = Debug|Any CPU
		{E9A3394F-761C-4348-9174-6B27AF09B555}.Release|Any CPU.ActiveCfg = Release|Any CPU
		{E9A3394F-761C-4348-9174-6B27AF09B555}.Release|Any CPU.Build.0 = Release|Any CPU
	EndGlobalSection
	GlobalSection(SolutionProperties) = preSolution
		HideSolutionNode = FALSE
	EndGlobalSection
	GlobalSection(ExtensibilityGlobals) = postSolution
		SolutionGuid = {CAE9EB0E-18B1-478C-A915-8211DC77D63A}
	EndGlobalSection
EndGlobal
